
Microsoft Visual Studio Solution File, Format Version 12.00
# Visual Studio Version 17
VisualStudioVersion = 17.10.34928.147
MinimumVisualStudioVersion = 10.0.40219.1
Project("{9A19103F-16F7-4668-BE54-9A1E7A4F7556}") = "JPadAvl", "JPadAvl\JPadAvl.csproj", "{DEDE9B97-C41B-4DAD-A614-A063B619AABF}"
EndProject
Project("{9A19103F-16F7-4668-BE54-9A1E7A4F7556}") = "JPad", "JPad\JPad.csproj", "{94205734-7DF5-45CB-8CF1-69E9B0634189}"
EndProject
Global
	GlobalSection(SolutionConfigurationPlatforms) = preSolution
		Debug|Any CPU = Debug|Any CPU
		Debug|x64 = Debug|x64
		Release|Any CPU = Release|Any CPU
		Release|x64 = Release|x64
	EndGlobalSection
	GlobalSection(ProjectConfigurationPlatforms) = postSolution
		{DEDE9B97-C41B-4DAD-A614-A063B619AABF}.Debug|Any CPU.ActiveCfg = Debug|Any CPU
		{DEDE9B97-C41B-4DAD-A614-A063B619AABF}.Debug|Any CPU.Build.0 = Debug|Any CPU
		{DEDE9B97-C41B-4DAD-A614-A063B619AABF}.Debug|x64.ActiveCfg = Debug|x64
		{DEDE9B97-C41B-4DAD-A614-A063B619AABF}.Debug|x64.Build.0 = Debug|x64
		{DEDE9B97-C41B-4DAD-A614-A063B619AABF}.Release|Any CPU.ActiveCfg = Release|Any CPU
		{DEDE9B97-C41B-4DAD-A614-A063B619AABF}.Release|Any CPU.Build.0 = Release|Any CPU
		{DEDE9B97-C41B-4DAD-A614-A063B619AABF}.Release|x64.ActiveCfg = Release|x64
		{DEDE9B97-C41B-4DAD-A614-A063B619AABF}.Release|x64.Build.0 = Release|x64
		{94205734-7DF5-45CB-8CF1-69E9B0634189}.Debug|Any CPU.ActiveCfg = Debug|x64
		{94205734-7DF5-45CB-8CF1-69E9B0634189}.Debug|Any CPU.Build.0 = Debug|x64
		{94205734-7DF5-45CB-8CF1-69E9B0634189}.Debug|x64.ActiveCfg = Debug|x64
		{94205734-7DF5-45CB-8CF1-69E9B0634189}.Debug|x64.Build.0 = Debug|x64
		{94205734-7DF5-45CB-8CF1-69E9B0634189}.Release|Any CPU.ActiveCfg = Release|Any CPU
		{94205734-7DF5-45CB-8CF1-69E9B0634189}.Release|Any CPU.Build.0 = Release|Any CPU
		{94205734-7DF5-45CB-8CF1-69E9B0634189}.Release|x64.ActiveCfg = Release|x64
		{94205734-7DF5-45CB-8CF1-69E9B0634189}.Release|x64.Build.0 = Release|x64
	EndGlobalSection
	GlobalSection(SolutionProperties) = preSolution
		HideSolutionNode = FALSE
	EndGlobalSection
	GlobalSection(ExtensibilityGlobals) = postSolution
		SolutionGuid = {C1A96554-2F95-4441-A26D-5CDF29CBA2D4}
	EndGlobalSection
EndGlobal
